
Microsoft Visual Studio Solution File, Format Version 12.00
# Visual Studio Version 17
VisualStudioVersion = 17.7.34024.191
MinimumVisualStudioVersion = 10.0.40219.1
Project("{FAE04EC0-301F-11D3-BF4B-00C04F79EFBC}") = "DashboardJadul", "DashboardJadul\DashboardJadul.csproj", "{346A9AD7-B9FC-48C7-B6A0-78B30936A3D7}"
EndProject
Global
	GlobalSection(SolutionConfigurationPlatforms) = preSolution
		Debug|Any CPU = Debug|Any CPU
		Release|Any CPU = Release|Any CPU
	EndGlobalSection
	GlobalSection(ProjectConfigurationPlatforms) = postSolution
		{346A9AD7-B9FC-48C7-B6A0-78B30936A3D7}.Debug|Any CPU.ActiveCfg = Debug|Any CPU
		{346A9AD7-B9FC-48C7-B6A0-78B30936A3D7}.Debug|Any CPU.Build.0 = Debug|Any CPU
		{346A9AD7-B9FC-48C7-B6A0-78B30936A3D7}.Release|Any CPU.ActiveCfg = Release|Any CPU
		{346A9AD7-B9FC-48C7-B6A0-78B30936A3D7}.Release|Any CPU.Build.0 = Release|Any CPU
	EndGlobalSection
	GlobalSection(SolutionProperties) = preSolution
		HideSolutionNode = FALSE
	EndGlobalSection
	GlobalSection(ExtensibilityGlobals) = postSolution
		SolutionGuid = {B0792866-C955-4B62-9650-770B0C471CAA}
	EndGlobalSection
EndGlobal
